// !$*UTF8*$!
{
	archiveVersion = 1;
	classes = {
	};
	objectVersion = 50;
	objects = {

/* Begin PBXBuildFile section */
		AA5169762219704400FFB747 /* MainViewController.swift in Sources */ = {isa = PBXBuildFile; fileRef = AA5169752219704400FFB747 /* MainViewController.swift */; };
		AA516978221970E500FFB747 /* UIButtonVC-extensions.swift in Sources */ = {isa = PBXBuildFile; fileRef = AA516977221970E500FFB747 /* UIButtonVC-extensions.swift */; };
		AAF8849122130C0D008512C8 /* AppDelegate.swift in Sources */ = {isa = PBXBuildFile; fileRef = AAF8849022130C0D008512C8 /* AppDelegate.swift */; };
		AAF8849622130C0D008512C8 /* Main.storyboard in Resources */ = {isa = PBXBuildFile; fileRef = AAF8849422130C0D008512C8 /* Main.storyboard */; };
		AAF8849822130C0F008512C8 /* Assets.xcassets in Resources */ = {isa = PBXBuildFile; fileRef = AAF8849722130C0F008512C8 /* Assets.xcassets */; };
		AAF8849B22130C0F008512C8 /* LaunchScreen.storyboard in Resources */ = {isa = PBXBuildFile; fileRef = AAF8849922130C0F008512C8 /* LaunchScreen.storyboard */; };
		AAF884A622130C0F008512C8 /* DY_PracticeTests.swift in Sources */ = {isa = PBXBuildFile; fileRef = AAF884A522130C0F008512C8 /* DY_PracticeTests.swift */; };
		AAF884B122130C0F008512C8 /* DY_PracticeUITests.swift in Sources */ = {isa = PBXBuildFile; fileRef = AAF884B022130C0F008512C8 /* DY_PracticeUITests.swift */; };
/* End PBXBuildFile section */

/* Begin PBXContainerItemProxy section */
		AAF884A222130C0F008512C8 /* PBXContainerItemProxy */ = {
			isa = PBXContainerItemProxy;
			containerPortal = AAF8848522130C0D008512C8 /* Project object */;
			proxyType = 1;
			remoteGlobalIDString = AAF8848C22130C0D008512C8;
			remoteInfo = DY_Practice;
		};
		AAF884AD22130C0F008512C8 /* PBXContainerItemProxy */ = {
			isa = PBXContainerItemProxy;
			containerPortal = AAF8848522130C0D008512C8 /* Project object */;
			proxyType = 1;
			remoteGlobalIDString = AAF8848C22130C0D008512C8;
			remoteInfo = DY_Practice;
		};
/* End PBXContainerItemProxy section */

/* Begin PBXFileReference section */
		AA5169752219704400FFB747 /* MainViewController.swift */ = {isa = PBXFileReference; lastKnownFileType = sourcecode.swift; path = MainViewController.swift; sourceTree = "<group>"; };
		AA516977221970E500FFB747 /* UIButtonVC-extensions.swift */ = {isa = PBXFileReference; lastKnownFileType = sourcecode.swift; path = "UIButtonVC-extensions.swift"; sourceTree = "<group>"; };
		AAF8848D22130C0D008512C8 /* DY_Practice.app */ = {isa = PBXFileReference; explicitFileType = wrapper.application; includeInIndex = 0; path = DY_Practice.app; sourceTree = BUILT_PRODUCTS_DIR; };
		AAF8849022130C0D008512C8 /* AppDelegate.swift */ = {isa = PBXFileReference; lastKnownFileType = sourcecode.swift; path = AppDelegate.swift; sourceTree = "<group>"; };
		AAF8849522130C0D008512C8 /* Base */ = {isa = PBXFileReference; lastKnownFileType = file.storyboard; name = Base; path = Base.lproj/Main.storyboard; sourceTree = "<group>"; };
		AAF8849722130C0F008512C8 /* Assets.xcassets */ = {isa = PBXFileReference; lastKnownFileType = folder.assetcatalog; path = Assets.xcassets; sourceTree = "<group>"; };
		AAF8849A22130C0F008512C8 /* Base */ = {isa = PBXFileReference; lastKnownFileType = file.storyboard; name = Base; path = Base.lproj/LaunchScreen.storyboard; sourceTree = "<group>"; };
		AAF8849C22130C0F008512C8 /* Info.plist */ = {isa = PBXFileReference; lastKnownFileType = text.plist.xml; path = Info.plist; sourceTree = "<group>"; };
		AAF884A122130C0F008512C8 /* DY_PracticeTests.xctest */ = {isa = PBXFileReference; explicitFileType = wrapper.cfbundle; includeInIndex = 0; path = DY_PracticeTests.xctest; sourceTree = BUILT_PRODUCTS_DIR; };
		AAF884A522130C0F008512C8 /* DY_PracticeTests.swift */ = {isa = PBXFileReference; lastKnownFileType = sourcecode.swift; path = DY_PracticeTests.swift; sourceTree = "<group>"; };
		AAF884A722130C0F008512C8 /* Info.plist */ = {isa = PBXFileReference; lastKnownFileType = text.plist.xml; path = Info.plist; sourceTree = "<group>"; };
		AAF884AC22130C0F008512C8 /* DY_PracticeUITests.xctest */ = {isa = PBXFileReference; explicitFileType = wrapper.cfbundle; includeInIndex = 0; path = DY_PracticeUITests.xctest; sourceTree = BUILT_PRODUCTS_DIR; };
		AAF884B022130C0F008512C8 /* DY_PracticeUITests.swift */ = {isa = PBXFileReference; lastKnownFileType = sourcecode.swift; path = DY_PracticeUITests.swift; sourceTree = "<group>"; };
		AAF884B222130C0F008512C8 /* Info.plist */ = {isa = PBXFileReference; lastKnownFileType = text.plist.xml; path = Info.plist; sourceTree = "<group>"; };
/* End PBXFileReference section */

/* Begin PBXFrameworksBuildPhase section */
		AAF8848A22130C0D008512C8 /* Frameworks */ = {
			isa = PBXFrameworksBuildPhase;
			buildActionMask = 2147483647;
			files = (
			);
			runOnlyForDeploymentPostprocessing = 0;
		};
		AAF8849E22130C0F008512C8 /* Frameworks */ = {
			isa = PBXFrameworksBuildPhase;
			buildActionMask = 2147483647;
			files = (
			);
			runOnlyForDeploymentPostprocessing = 0;
		};
		AAF884A922130C0F008512C8 /* Frameworks */ = {
			isa = PBXFrameworksBuildPhase;
			buildActionMask = 2147483647;
			files = (
			);
			runOnlyForDeploymentPostprocessing = 0;
		};
/* End PBXFrameworksBuildPhase section */

/* Begin PBXGroup section */
		AA51696322196B1800FFB747 /* Classes */ = {
			isa = PBXGroup;
			children = (
				AA51696A22196B1800FFB747 /* Main */,
				AA51696422196B1800FFB747 /* Home */,
				AA51696922196B1800FFB747 /* Live */,
				AA51696722196B1800FFB747 /* Follow */,
				AA51696822196B1800FFB747 /* Profile */,
				AA51696522196B1800FFB747 /* Tools */,
			);
			path = Classes;
			sourceTree = "<group>";
		};
		AA51696422196B1800FFB747 /* Home */ = {
			isa = PBXGroup;
			children = (
				AA51697E2219772300FFB747 /* Controller */,
				AA51697C2219772300FFB747 /* Model */,
				AA51697D2219772300FFB747 /* View */,
			);
			path = Home;
			sourceTree = "<group>";
		};
		AA51696522196B1800FFB747 /* Tools */ = {
			isa = PBXGroup;
			children = (
				AA51696622196B1800FFB747 /* Extensions */,
			);
			path = Tools;
			sourceTree = "<group>";
		};
		AA51696622196B1800FFB747 /* Extensions */ = {
			isa = PBXGroup;
			children = (
				AA516977221970E500FFB747 /* UIButtonVC-extensions.swift */,
			);
			path = Extensions;
			sourceTree = "<group>";
		};
		AA51696722196B1800FFB747 /* Follow */ = {
			isa = PBXGroup;
			children = (
			);
			path = Follow;
			sourceTree = "<group>";
		};
		AA51696822196B1800FFB747 /* Profile */ = {
			isa = PBXGroup;
			children = (
			);
			path = Profile;
			sourceTree = "<group>";
		};
		AA51696922196B1800FFB747 /* Live */ = {
			isa = PBXGroup;
			children = (
			);
			path = Live;
			sourceTree = "<group>";
		};
		AA51696A22196B1800FFB747 /* Main */ = {
			isa = PBXGroup;
			children = (
				AA516979221976D100FFB747 /* Controller */,
				AA51697A221976D100FFB747 /* Model */,
				AA51697B221976D100FFB747 /* View */,
			);
			path = Main;
			sourceTree = "<group>";
		};
		AA516979221976D100FFB747 /* Controller */ = {
			isa = PBXGroup;
			children = (
				AAF8849422130C0D008512C8 /* Main.storyboard */,
				AA5169752219704400FFB747 /* MainViewController.swift */,
			);
			path = Controller;
			sourceTree = "<group>";
		};
		AA51697A221976D100FFB747 /* Model */ = {
			isa = PBXGroup;
			children = (
			);
			path = Model;
			sourceTree = "<group>";
		};
		AA51697B221976D100FFB747 /* View */ = {
			isa = PBXGroup;
			children = (
			);
			path = View;
			sourceTree = "<group>";
		};
		AA51697C2219772300FFB747 /* Model */ = {
			isa = PBXGroup;
			children = (
			);
			path = Model;
			sourceTree = "<group>";
		};
		AA51697D2219772300FFB747 /* View */ = {
			isa = PBXGroup;
			children = (
			);
			path = View;
			sourceTree = "<group>";
		};
		AA51697E2219772300FFB747 /* Controller */ = {
			isa = PBXGroup;
			children = (
			);
			path = Controller;
			sourceTree = "<group>";
		};
		AAF8848422130C0D008512C8 = {
			isa = PBXGroup;
			children = (
				AAF8848F22130C0D008512C8 /* DY_Practice */,
				AAF884A422130C0F008512C8 /* DY_PracticeTests */,
				AAF884AF22130C0F008512C8 /* DY_PracticeUITests */,
				AAF8848E22130C0D008512C8 /* Products */,
			);
			sourceTree = "<group>";
		};
		AAF8848E22130C0D008512C8 /* Products */ = {
			isa = PBXGroup;
			children = (
				AAF8848D22130C0D008512C8 /* DY_Practice.app */,
				AAF884A122130C0F008512C8 /* DY_PracticeTests.xctest */,
				AAF884AC22130C0F008512C8 /* DY_PracticeUITests.xctest */,
			);
			name = Products;
			sourceTree = "<group>";
		};
		AAF8848F22130C0D008512C8 /* DY_Practice */ = {
			isa = PBXGroup;
			children = (
				AA51696322196B1800FFB747 /* Classes */,
				AAF8849022130C0D008512C8 /* AppDelegate.swift */,
				AAF8849722130C0F008512C8 /* Assets.xcassets */,
				AAF8849922130C0F008512C8 /* LaunchScreen.storyboard */,
				AAF8849C22130C0F008512C8 /* Info.plist */,
			);
			path = DY_Practice;
			sourceTree = "<group>";
		};
		AAF884A422130C0F008512C8 /* DY_PracticeTests */ = {
			isa = PBXGroup;
			children = (
				AAF884A522130C0F008512C8 /* DY_PracticeTests.swift */,
				AAF884A722130C0F008512C8 /* Info.plist */,
			);
			path = DY_PracticeTests;
			sourceTree = "<group>";
		};
		AAF884AF22130C0F008512C8 /* DY_PracticeUITests */ = {
			isa = PBXGroup;
			children = (
				AAF884B022130C0F008512C8 /* DY_PracticeUITests.swift */,
				AAF884B222130C0F008512C8 /* Info.plist */,
			);
			path = DY_PracticeUITests;
			sourceTree = "<group>";
		};
/* End PBXGroup section */

/* Begin PBXNativeTarget section */
		AAF8848C22130C0D008512C8 /* DY_Practice */ = {
			isa = PBXNativeTarget;
			buildConfigurationList = AAF884B522130C0F008512C8 /* Build configuration list for PBXNativeTarget "DY_Practice" */;
			buildPhases = (
				AAF8848922130C0D008512C8 /* Sources */,
				AAF8848A22130C0D008512C8 /* Frameworks */,
				AAF8848B22130C0D008512C8 /* Resources */,
			);
			buildRules = (
			);
			dependencies = (
			);
			name = DY_Practice;
			productName = DY_Practice;
			productReference = AAF8848D22130C0D008512C8 /* DY_Practice.app */;
			productType = "com.apple.product-type.application";
		};
		AAF884A022130C0F008512C8 /* DY_PracticeTests */ = {
			isa = PBXNativeTarget;
			buildConfigurationList = AAF884B822130C0F008512C8 /* Build configuration list for PBXNativeTarget "DY_PracticeTests" */;
			buildPhases = (
				AAF8849D22130C0F008512C8 /* Sources */,
				AAF8849E22130C0F008512C8 /* Frameworks */,
				AAF8849F22130C0F008512C8 /* Resources */,
			);
			buildRules = (
			);
			dependencies = (
				AAF884A322130C0F008512C8 /* PBXTargetDependency */,
			);
			name = DY_PracticeTests;
			productName = DY_PracticeTests;
			productReference = AAF884A122130C0F008512C8 /* DY_PracticeTests.xctest */;
			productType = "com.apple.product-type.bundle.unit-test";
		};
		AAF884AB22130C0F008512C8 /* DY_PracticeUITests */ = {
			isa = PBXNativeTarget;
			buildConfigurationList = AAF884BB22130C0F008512C8 /* Build configuration list for PBXNativeTarget "DY_PracticeUITests" */;
			buildPhases = (
				AAF884A822130C0F008512C8 /* Sources */,
				AAF884A922130C0F008512C8 /* Frameworks */,
				AAF884AA22130C0F008512C8 /* Resources */,
			);
			buildRules = (
			);
			dependencies = (
				AAF884AE22130C0F008512C8 /* PBXTargetDependency */,
			);
			name = DY_PracticeUITests;
			productName = DY_PracticeUITests;
			productReference = AAF884AC22130C0F008512C8 /* DY_PracticeUITests.xctest */;
			productType = "com.apple.product-type.bundle.ui-testing";
		};
/* End PBXNativeTarget section */

/* Begin PBXProject section */
		AAF8848522130C0D008512C8 /* Project object */ = {
			isa = PBXProject;
			attributes = {
				LastSwiftUpdateCheck = 1010;
				LastUpgradeCheck = 1010;
				ORGANIZATIONNAME = "Olivier CHEN";
				TargetAttributes = {
					AAF8848C22130C0D008512C8 = {
						CreatedOnToolsVersion = 10.1;
					};
					AAF884A022130C0F008512C8 = {
						CreatedOnToolsVersion = 10.1;
						TestTargetID = AAF8848C22130C0D008512C8;
					};
					AAF884AB22130C0F008512C8 = {
						CreatedOnToolsVersion = 10.1;
						TestTargetID = AAF8848C22130C0D008512C8;
					};
				};
			};
			buildConfigurationList = AAF8848822130C0D008512C8 /* Build configuration list for PBXProject "DY_Practice" */;
			compatibilityVersion = "Xcode 9.3";
			developmentRegion = en;
			hasScannedForEncodings = 0;
			knownRegions = (
				en,
				Base,
			);
			mainGroup = AAF8848422130C0D008512C8;
			productRefGroup = AAF8848E22130C0D008512C8 /* Products */;
			projectDirPath = "";
			projectRoot = "";
			targets = (
				AAF8848C22130C0D008512C8 /* DY_Practice */,
				AAF884A022130C0F008512C8 /* DY_PracticeTests */,
				AAF884AB22130C0F008512C8 /* DY_PracticeUITests */,
			);
		};
/* End PBXProject section */

/* Begin PBXResourcesBuildPhase section */
		AAF8848B22130C0D008512C8 /* Resources */ = {
			isa = PBXResourcesBuildPhase;
			buildActionMask = 2147483647;
			files = (
				AAF8849B22130C0F008512C8 /* LaunchScreen.storyboard in Resources */,
				AAF8849822130C0F008512C8 /* Assets.xcassets in Resources */,
				AAF8849622130C0D008512C8 /* Main.storyboard in Resources */,
			);
			runOnlyForDeploymentPostprocessing = 0;
		};
		AAF8849F22130C0F008512C8 /* Resources */ = {
			isa = PBXResourcesBuildPhase;
			buildActionMask = 2147483647;
			files = (
			);
			runOnlyForDeploymentPostprocessing = 0;
		};
		AAF884AA22130C0F008512C8 /* Resources */ = {
			isa = PBXResourcesBuildPhase;
			buildActionMask = 2147483647;
			files = (
			);
			runOnlyForDeploymentPostprocessing = 0;
		};
/* End PBXResourcesBuildPhase section */

/* Begin PBXSourcesBuildPhase section */
		AAF8848922130C0D008512C8 /* Sources */ = {
			isa = PBXSourcesBuildPhase;
			buildActionMask = 2147483647;
			files = (
				AA516978221970E500FFB747 /* UIButtonVC-extensions.swift in Sources */,
				AAF8849122130C0D008512C8 /* AppDelegate.swift in Sources */,
				AA5169762219704400FFB747 /* MainViewController.swift in Sources */,
			);
			runOnlyForDeploymentPostprocessing = 0;
		};
		AAF8849D22130C0F008512C8 /* Sources */ = {
			isa = PBXSourcesBuildPhase;
			buildActionMask = 2147483647;
			files = (
				AAF884A622130C0F008512C8 /* DY_PracticeTests.swift in Sources */,
			);
			runOnlyForDeploymentPostprocessing = 0;
		};
		AAF884A822130C0F008512C8 /* Sources */ = {
			isa = PBXSourcesBuildPhase;
			buildActionMask = 2147483647;
			files = (
				AAF884B122130C0F008512C8 /* DY_PracticeUITests.swift in Sources */,
			);
			runOnlyForDeploymentPostprocessing = 0;
		};
/* End PBXSourcesBuildPhase section */

/* Begin PBXTargetDependency section */
		AAF884A322130C0F008512C8 /* PBXTargetDependency */ = {
			isa = PBXTargetDependency;
			target = AAF8848C22130C0D008512C8 /* DY_Practice */;
			targetProxy = AAF884A222130C0F008512C8 /* PBXContainerItemProxy */;
		};
		AAF884AE22130C0F008512C8 /* PBXTargetDependency */ = {
			isa = PBXTargetDependency;
			target = AAF8848C22130C0D008512C8 /* DY_Practice */;
			targetProxy = AAF884AD22130C0F008512C8 /* PBXContainerItemProxy */;
		};
/* End PBXTargetDependency section */

/* Begin PBXVariantGroup section */
		AAF8849422130C0D008512C8 /* Main.storyboard */ = {
			isa = PBXVariantGroup;
			children = (
				AAF8849522130C0D008512C8 /* Base */,
			);
			name = Main.storyboard;
			sourceTree = "<group>";
		};
		AAF8849922130C0F008512C8 /* LaunchScreen.storyboard */ = {
			isa = PBXVariantGroup;
			children = (
				AAF8849A22130C0F008512C8 /* Base */,
			);
			name = LaunchScreen.storyboard;
			sourceTree = "<group>";
		};
/* End PBXVariantGroup section */

/* Begin XCBuildConfiguration section */
		AAF884B322130C0F008512C8 /* Debug */ = {
			isa = XCBuildConfiguration;
			buildSettings = {
				ALWAYS_SEARCH_USER_PATHS = NO;
				CLANG_ANALYZER_NONNULL = YES;
				CLANG_ANALYZER_NUMBER_OBJECT_CONVERSION = YES_AGGRESSIVE;
				CLANG_CXX_LANGUAGE_STANDARD = "gnu++14";
				CLANG_CXX_LIBRARY = "libc++";
				CLANG_ENABLE_MODULES = YES;
				CLANG_ENABLE_OBJC_ARC = YES;
				CLANG_ENABLE_OBJC_WEAK = YES;
				CLANG_WARN_BLOCK_CAPTURE_AUTORELEASING = YES;
				CLANG_WARN_BOOL_CONVERSION = YES;
				CLANG_WARN_COMMA = YES;
				CLANG_WARN_CONSTANT_CONVERSION = YES;
				CLANG_WARN_DEPRECATED_OBJC_IMPLEMENTATIONS = YES;
				CLANG_WARN_DIRECT_OBJC_ISA_USAGE = YES_ERROR;
				CLANG_WARN_DOCUMENTATION_COMMENTS = YES;
				CLANG_WARN_EMPTY_BODY = YES;
				CLANG_WARN_ENUM_CONVERSION = YES;
				CLANG_WARN_INFINITE_RECURSION = YES;
				CLANG_WARN_INT_CONVERSION = YES;
				CLANG_WARN_NON_LITERAL_NULL_CONVERSION = YES;
				CLANG_WARN_OBJC_IMPLICIT_RETAIN_SELF = YES;
				CLANG_WARN_OBJC_LITERAL_CONVERSION = YES;
				CLANG_WARN_OBJC_ROOT_CLASS = YES_ERROR;
				CLANG_WARN_RANGE_LOOP_ANALYSIS = YES;
				CLANG_WARN_STRICT_PROTOTYPES = YES;
				CLANG_WARN_SUSPICIOUS_MOVE = YES;
				CLANG_WARN_UNGUARDED_AVAILABILITY = YES_AGGRESSIVE;
				CLANG_WARN_UNREACHABLE_CODE = YES;
				CLANG_WARN__DUPLICATE_METHOD_MATCH = YES;
				CODE_SIGN_IDENTITY = "iPhone Developer";
				COPY_PHASE_STRIP = NO;
				DEBUG_INFORMATION_FORMAT = dwarf;
				ENABLE_STRICT_OBJC_MSGSEND = YES;
				ENABLE_TESTABILITY = YES;
				GCC_C_LANGUAGE_STANDARD = gnu11;
				GCC_DYNAMIC_NO_PIC = NO;
				GCC_NO_COMMON_BLOCKS = YES;
				GCC_OPTIMIZATION_LEVEL = 0;
				GCC_PREPROCESSOR_DEFINITIONS = (
					"DEBUG=1",
					"$(inherited)",
				);
				GCC_WARN_64_TO_32_BIT_CONVERSION = YES;
				GCC_WARN_ABOUT_RETURN_TYPE = YES_ERROR;
				GCC_WARN_UNDECLARED_SELECTOR = YES;
				GCC_WARN_UNINITIALIZED_AUTOS = YES_AGGRESSIVE;
				GCC_WARN_UNUSED_FUNCTION = YES;
				GCC_WARN_UNUSED_VARIABLE = YES;
				IPHONEOS_DEPLOYMENT_TARGET = 12.1;
				MTL_ENABLE_DEBUG_INFO = INCLUDE_SOURCE;
				MTL_FAST_MATH = YES;
				ONLY_ACTIVE_ARCH = YES;
				SDKROOT = iphoneos;
				SWIFT_ACTIVE_COMPILATION_CONDITIONS = DEBUG;
				SWIFT_OPTIMIZATION_LEVEL = "-Onone";
			};
			name = Debug;
		};
		AAF884B422130C0F008512C8 /* Release */ = {
			isa = XCBuildConfiguration;
			buildSettings = {
				ALWAYS_SEARCH_USER_PATHS = NO;
				CLANG_ANALYZER_NONNULL = YES;
				CLANG_ANALYZER_NUMBER_OBJECT_CONVERSION = YES_AGGRESSIVE;
				CLANG_CXX_LANGUAGE_STANDARD = "gnu++14";
				CLANG_CXX_LIBRARY = "libc++";
				CLANG_ENABLE_MODULES = YES;
				CLANG_ENABLE_OBJC_ARC = YES;
				CLANG_ENABLE_OBJC_WEAK = YES;
				CLANG_WARN_BLOCK_CAPTURE_AUTORELEASING = YES;
				CLANG_WARN_BOOL_CONVERSION = YES;
				CLANG_WARN_COMMA = YES;
				CLANG_WARN_CONSTANT_CONVERSION = YES;
				CLANG_WARN_DEPRECATED_OBJC_IMPLEMENTATIONS = YES;
				CLANG_WARN_DIRECT_OBJC_ISA_USAGE = YES_ERROR;
				CLANG_WARN_DOCUMENTATION_COMMENTS = YES;
				CLANG_WARN_EMPTY_BODY = YES;
				CLANG_WARN_ENUM_CONVERSION = YES;
				CLANG_WARN_INFINITE_RECURSION = YES;
				CLANG_WARN_INT_CONVERSION = YES;
				CLANG_WARN_NON_LITERAL_NULL_CONVERSION = YES;
				CLANG_WARN_OBJC_IMPLICIT_RETAIN_SELF = YES;
				CLANG_WARN_OBJC_LITERAL_CONVERSION = YES;
				CLANG_WARN_OBJC_ROOT_CLASS = YES_ERROR;
				CLANG_WARN_RANGE_LOOP_ANALYSIS = YES;
				CLANG_WARN_STRICT_PROTOTYPES = YES;
				CLANG_WARN_SUSPICIOUS_MOVE = YES;
				CLANG_WARN_UNGUARDED_AVAILABILITY = YES_AGGRESSIVE;
				CLANG_WARN_UNREACHABLE_CODE = YES;
				CLANG_WARN__DUPLICATE_METHOD_MATCH = YES;
				CODE_SIGN_IDENTITY = "iPhone Developer";
				COPY_PHASE_STRIP = NO;
				DEBUG_INFORMATION_FORMAT = "dwarf-with-dsym";
				ENABLE_NS_ASSERTIONS = NO;
				ENABLE_STRICT_OBJC_MSGSEND = YES;
				GCC_C_LANGUAGE_STANDARD = gnu11;
				GCC_NO_COMMON_BLOCKS = YES;
				GCC_WARN_64_TO_32_BIT_CONVERSION = YES;
				GCC_WARN_ABOUT_RETURN_TYPE = YES_ERROR;
				GCC_WARN_UNDECLARED_SELECTOR = YES;
				GCC_WARN_UNINITIALIZED_AUTOS = YES_AGGRESSIVE;
				GCC_WARN_UNUSED_FUNCTION = YES;
				GCC_WARN_UNUSED_VARIABLE = YES;
				IPHONEOS_DEPLOYMENT_TARGET = 12.1;
				MTL_ENABLE_DEBUG_INFO = NO;
				MTL_FAST_MATH = YES;
				SDKROOT = iphoneos;
				SWIFT_COMPILATION_MODE = wholemodule;
				SWIFT_OPTIMIZATION_LEVEL = "-O";
				VALIDATE_PRODUCT = YES;
			};
			name = Release;
		};
		AAF884B622130C0F008512C8 /* Debug */ = {
			isa = XCBuildConfiguration;
			buildSettings = {
				ASSETCATALOG_COMPILER_APPICON_NAME = AppIcon;
				ASSETCATALOG_COMPILER_LAUNCHIMAGE_NAME = LaunchImage;
				CODE_SIGN_STYLE = Automatic;
				DEVELOPMENT_TEAM = 9LU6GTCZ3K;
				INFOPLIST_FILE = DY_Practice/Info.plist;
				LD_RUNPATH_SEARCH_PATHS = (
					"$(inherited)",
					"@executable_path/Frameworks",
				);
				PRODUCT_BUNDLE_IDENTIFIER = "RedOlive.DY-Practice";
				PRODUCT_NAME = "$(TARGET_NAME)";
				SWIFT_VERSION = 4.2;
				TARGETED_DEVICE_FAMILY = "1,2";
			};
			name = Debug;
		};
		AAF884B722130C0F008512C8 /* Release */ = {
			isa = XCBuildConfiguration;
			buildSettings = {
				ASSETCATALOG_COMPILER_APPICON_NAME = AppIcon;
				ASSETCATALOG_COMPILER_LAUNCHIMAGE_NAME = LaunchImage;
				CODE_SIGN_STYLE = Automatic;
				DEVELOPMENT_TEAM = 9LU6GTCZ3K;
				INFOPLIST_FILE = DY_Practice/Info.plist;
				LD_RUNPATH_SEARCH_PATHS = (
					"$(inherited)",
					"@executable_path/Frameworks",
				);
				PRODUCT_BUNDLE_IDENTIFIER = "RedOlive.DY-Practice";
				PRODUCT_NAME = "$(TARGET_NAME)";
				SWIFT_VERSION = 4.2;
				TARGETED_DEVICE_FAMILY = "1,2";
			};
			name = Release;
		};
		AAF884B922130C0F008512C8 /* Debug */ = {
			isa = XCBuildConfiguration;
			buildSettings = {
				ALWAYS_EMBED_SWIFT_STANDARD_LIBRARIES = YES;
				BUNDLE_LOADER = "$(TEST_HOST)";
				CODE_SIGN_STYLE = Automatic;
				DEVELOPMENT_TEAM = 9LU6GTCZ3K;
				INFOPLIST_FILE = DY_PracticeTests/Info.plist;
				LD_RUNPATH_SEARCH_PATHS = (
					"$(inherited)",
					"@executable_path/Frameworks",
					"@loader_path/Frameworks",
				);
				PRODUCT_BUNDLE_IDENTIFIER = "RedOlive.DY-PracticeTests";
				PRODUCT_NAME = "$(TARGET_NAME)";
				SWIFT_VERSION = 4.2;
				TARGETED_DEVICE_FAMILY = "1,2";
				TEST_HOST = "$(BUILT_PRODUCTS_DIR)/DY_Practice.app/DY_Practice";
			};
			name = Debug;
		};
		AAF884BA22130C0F008512C8 /* Release */ = {
			isa = XCBuildConfiguration;
			buildSettings = {
				ALWAYS_EMBED_SWIFT_STANDARD_LIBRARIES = YES;
				BUNDLE_LOADER = "$(TEST_HOST)";
				CODE_SIGN_STYLE = Automatic;
				DEVELOPMENT_TEAM = 9LU6GTCZ3K;
				INFOPLIST_FILE = DY_PracticeTests/Info.plist;
				LD_RUNPATH_SEARCH_PATHS = (
					"$(inherited)",
					"@executable_path/Frameworks",
					"@loader_path/Frameworks",
				);
				PRODUCT_BUNDLE_IDENTIFIER = "RedOlive.DY-PracticeTests";
				PRODUCT_NAME = "$(TARGET_NAME)";
				SWIFT_VERSION = 4.2;
				TARGETED_DEVICE_FAMILY = "1,2";
				TEST_HOST = "$(BUILT_PRODUCTS_DIR)/DY_Practice.app/DY_Practice";
			};
			name = Release;
		};
		AAF884BC22130C0F008512C8 /* Debug */ = {
			isa = XCBuildConfiguration;
			buildSettings = {
				ALWAYS_EMBED_SWIFT_STANDARD_LIBRARIES = YES;
				CODE_SIGN_STYLE = Automatic;
				DEVELOPMENT_TEAM = 9LU6GTCZ3K;
				INFOPLIST_FILE = DY_PracticeUITests/Info.plist;
				LD_RUNPATH_SEARCH_PATHS = (
					"$(inherited)",
					"@executable_path/Frameworks",
					"@loader_path/Frameworks",
				);
				PRODUCT_BUNDLE_IDENTIFIER = "RedOlive.DY-PracticeUITests";
				PRODUCT_NAME = "$(TARGET_NAME)";
				SWIFT_VERSION = 4.2;
				TARGETED_DEVICE_FAMILY = "1,2";
				TEST_TARGET_NAME = DY_Practice;
			};
			name = Debug;
		};
		AAF884BD22130C0F008512C8 /* Release */ = {
			isa = XCBuildConfiguration;
			buildSettings = {
				ALWAYS_EMBED_SWIFT_STANDARD_LIBRARIES = YES;
				CODE_SIGN_STYLE = Automatic;
				DEVELOPMENT_TEAM = 9LU6GTCZ3K;
				INFOPLIST_FILE = DY_PracticeUITests/Info.plist;
				LD_RUNPATH_SEARCH_PATHS = (
					"$(inherited)",
					"@executable_path/Frameworks",
					"@loader_path/Frameworks",
				);
				PRODUCT_BUNDLE_IDENTIFIER = "RedOlive.DY-PracticeUITests";
				PRODUCT_NAME = "$(TARGET_NAME)";
				SWIFT_VERSION = 4.2;
				TARGETED_DEVICE_FAMILY = "1,2";
				TEST_TARGET_NAME = DY_Practice;
			};
			name = Release;
		};
/* End XCBuildConfiguration section */

/* Begin XCConfigurationList section */
		AAF8848822130C0D008512C8 /* Build configuration list for PBXProject "DY_Practice" */ = {
			isa = XCConfigurationList;
			buildConfigurations = (
				AAF884B322130C0F008512C8 /* Debug */,
				AAF884B422130C0F008512C8 /* Release */,
			);
			defaultConfigurationIsVisible = 0;
			defaultConfigurationName = Release;
		};
		AAF884B522130C0F008512C8 /* Build configuration list for PBXNativeTarget "DY_Practice" */ = {
			isa = XCConfigurationList;
			buildConfigurations = (
				AAF884B622130C0F008512C8 /* Debug */,
				AAF884B722130C0F008512C8 /* Release */,
			);
			defaultConfigurationIsVisible = 0;
			defaultConfigurationName = Release;
		};
		AAF884B822130C0F008512C8 /* Build configuration list for PBXNativeTarget "DY_PracticeTests" */ = {
			isa = XCConfigurationList;
			buildConfigurations = (
				AAF884B922130C0F008512C8 /* Debug */,
				AAF884BA22130C0F008512C8 /* Release */,
			);
			defaultConfigurationIsVisible = 0;
			defaultConfigurationName = Release;
		};
		AAF884BB22130C0F008512C8 /* Build configuration list for PBXNativeTarget "DY_PracticeUITests" */ = {
			isa = XCConfigurationList;
			buildConfigurations = (
				AAF884BC22130C0F008512C8 /* Debug */,
				AAF884BD22130C0F008512C8 /* Release */,
			);
			defaultConfigurationIsVisible = 0;
			defaultConfigurationName = Release;
		};
/* End XCConfigurationList section */
	};
	rootObject = AAF8848522130C0D008512C8 /* Project object */;
}
